// !$*UTF8*$!
{
	archiveVersion = 1;
	classes = {
	};
	objectVersion = 77;
	objects = {

/* Begin PBXBuildFile section */
		11E67867488FACF30C86C9D9 /* RawRegionOverlayView.swift in Sources */ = {isa = PBXBuildFile; fileRef = B532379D39B701455607BB7E /* RawRegionOverlayView.swift */; };
		7468E814CFA6A2A94D655DA7 /* ContentView.swift in Sources */ = {isa = PBXBuildFile; fileRef = EC24BBB38370A3757E61586D /* ContentView.swift */; };
		92195818C6B8DFC7250445B8 /* MeatCamApp.swift in Sources */ = {isa = PBXBuildFile; fileRef = BD7B9D80895A4433E4729FAB /* MeatCamApp.swift */; };
		B9309BAF3017F8DFF9C87035 /* CameraPreviewView.swift in Sources */ = {isa = PBXBuildFile; fileRef = D7338B5309C7B63703B60536 /* CameraPreviewView.swift */; };
		C9076D170FFFC0B0EF17D30A /* DonenessAnalyzer.swift in Sources */ = {isa = PBXBuildFile; fileRef = 38864DE9C46FE8396695AE9B /* DonenessAnalyzer.swift */; };
		E0B15BD725B82D4C909111A9 /* CameraManager.swift in Sources */ = {isa = PBXBuildFile; fileRef = 2AEEB99914A524980C8E3357 /* CameraManager.swift */; };
/* End PBXBuildFile section */

/* Begin PBXFileReference section */
		206FA525344D20A4A15BB2B9 /* MeatCam.app */ = {isa = PBXFileReference; includeInIndex = 0; lastKnownFileType = wrapper.application; path = MeatCam.app; sourceTree = BUILT_PRODUCTS_DIR; };
		2AEEB99914A524980C8E3357 /* CameraManager.swift */ = {isa = PBXFileReference; lastKnownFileType = sourcecode.swift; path = CameraManager.swift; sourceTree = "<group>"; };
		38864DE9C46FE8396695AE9B /* DonenessAnalyzer.swift */ = {isa = PBXFileReference; lastKnownFileType = sourcecode.swift; path = DonenessAnalyzer.swift; sourceTree = "<group>"; };
		B532379D39B701455607BB7E /* RawRegionOverlayView.swift */ = {isa = PBXFileReference; lastKnownFileType = sourcecode.swift; path = RawRegionOverlayView.swift; sourceTree = "<group>"; };
		BD7B9D80895A4433E4729FAB /* MeatCamApp.swift */ = {isa = PBXFileReference; lastKnownFileType = sourcecode.swift; path = MeatCamApp.swift; sourceTree = "<group>"; };
		D7338B5309C7B63703B60536 /* CameraPreviewView.swift */ = {isa = PBXFileReference; lastKnownFileType = sourcecode.swift; path = CameraPreviewView.swift; sourceTree = "<group>"; };
		EC24BBB38370A3757E61586D /* ContentView.swift */ = {isa = PBXFileReference; lastKnownFileType = sourcecode.swift; path = ContentView.swift; sourceTree = "<group>"; };
/* End PBXFileReference section */

/* Begin PBXGroup section */
		01457788D94690C379BEAAD7 /* Sources */ = {
			isa = PBXGroup;
			children = (
				2AEEB99914A524980C8E3357 /* CameraManager.swift */,
				D7338B5309C7B63703B60536 /* CameraPreviewView.swift */,
				EC24BBB38370A3757E61586D /* ContentView.swift */,
				38864DE9C46FE8396695AE9B /* DonenessAnalyzer.swift */,
				BD7B9D80895A4433E4729FAB /* MeatCamApp.swift */,
				B532379D39B701455607BB7E /* RawRegionOverlayView.swift */,
			);
			path = Sources;
			sourceTree = "<group>";
		};
		8CE7D9039693D53E4953D183 = {
			isa = PBXGroup;
			children = (
				01457788D94690C379BEAAD7 /* Sources */,
				B294A5450777C423A79E2B56 /* Products */,
			);
			sourceTree = "<group>";
		};
		B294A5450777C423A79E2B56 /* Products */ = {
			isa = PBXGroup;
			children = (
				206FA525344D20A4A15BB2B9 /* MeatCam.app */,
			);
			name = Products;
			sourceTree = "<group>";
		};
/* End PBXGroup section */

/* Begin PBXNativeTarget section */
		07F51CA4B2A8152CA3997FBB /* MeatCam */ = {
			isa = PBXNativeTarget;
			buildConfigurationList = 30AD4F956D4718DD64FAFB7E /* Build configuration list for PBXNativeTarget "MeatCam" */;
			buildPhases = (
				0CC242F854E4DC5394C2DBF5 /* Sources */,
			);
			buildRules = (
			);
			dependencies = (
			);
			name = MeatCam;
			packageProductDependencies = (
			);
			productName = MeatCam;
			productReference = 206FA525344D20A4A15BB2B9 /* MeatCam.app */;
			productType = "com.apple.product-type.application";
		};
/* End PBXNativeTarget section */

/* Begin PBXProject section */
		858A60272C71B938B168D35D /* Project object */ = {
			isa = PBXProject;
			attributes = {
				BuildIndependentTargetsInParallel = YES;
				LastUpgradeCheck = 1430;
				TargetAttributes = {
					07F51CA4B2A8152CA3997FBB = {
						DevelopmentTeam = 4NJZYHZHLU;
						ProvisioningStyle = Automatic;
					};
				};
			};
			buildConfigurationList = 967C6076D5D7F6092B4613C7 /* Build configuration list for PBXProject "MeatCam" */;
			developmentRegion = en;
			hasScannedForEncodings = 0;
			knownRegions = (
				Base,
				en,
			);
			mainGroup = 8CE7D9039693D53E4953D183;
			minimizedProjectReferenceProxies = 1;
			preferredProjectObjectVersion = 77;
			productRefGroup = B294A5450777C423A79E2B56 /* Products */;
			projectDirPath = "";
			projectRoot = "";
			targets = (
				07F51CA4B2A8152CA3997FBB /* MeatCam */,
			);
		};
/* End PBXProject section */

/* Begin PBXSourcesBuildPhase section */
		0CC242F854E4DC5394C2DBF5 /* Sources */ = {
			isa = PBXSourcesBuildPhase;
			buildActionMask = 2147483647;
			files = (
				E0B15BD725B82D4C909111A9 /* CameraManager.swift in Sources */,
				B9309BAF3017F8DFF9C87035 /* CameraPreviewView.swift in Sources */,
				7468E814CFA6A2A94D655DA7 /* ContentView.swift in Sources */,
				C9076D170FFFC0B0EF17D30A /* DonenessAnalyzer.swift in Sources */,
				92195818C6B8DFC7250445B8 /* MeatCamApp.swift in Sources */,
				11E67867488FACF30C86C9D9 /* RawRegionOverlayView.swift in Sources */,
			);
			runOnlyForDeploymentPostprocessing = 0;
		};
/* End PBXSourcesBuildPhase section */

/* Begin XCBuildConfiguration section */
		2633F7B2A6056A46BB0AA68F /* Debug */ = {
			isa = XCBuildConfiguration;
			buildSettings = {
				ALWAYS_SEARCH_USER_PATHS = NO;
				CLANG_ANALYZER_NONNULL = YES;
				CLANG_ANALYZER_NUMBER_OBJECT_CONVERSION = YES_AGGRESSIVE;
				CLANG_CXX_LANGUAGE_STANDARD = "gnu++14";
				CLANG_CXX_LIBRARY = "libc++";
				CLANG_ENABLE_MODULES = YES;
				CLANG_ENABLE_OBJC_ARC = YES;
				CLANG_ENABLE_OBJC_WEAK = YES;
				CLANG_WARN_BLOCK_CAPTURE_AUTORELEASING = YES;
				CLANG_WARN_BOOL_CONVERSION = YES;
				CLANG_WARN_COMMA = YES;
				CLANG_WARN_CONSTANT_CONVERSION = YES;
				CLANG_WARN_DEPRECATED_OBJC_IMPLEMENTATIONS = YES;
				CLANG_WARN_DIRECT_OBJC_ISA_USAGE = YES_ERROR;
				CLANG_WARN_DOCUMENTATION_COMMENTS = YES;
				CLANG_WARN_EMPTY_BODY = YES;
				CLANG_WARN_ENUM_CONVERSION = YES;
				CLANG_WARN_INFINITE_RECURSION = YES;
				CLANG_WARN_INT_CONVERSION = YES;
				CLANG_WARN_NON_LITERAL_NULL_CONVERSION = YES;
				CLANG_WARN_OBJC_IMPLICIT_RETAIN_SELF = YES;
				CLANG_WARN_OBJC_LITERAL_CONVERSION = YES;
				CLANG_WARN_OBJC_ROOT_CLASS = YES_ERROR;
				CLANG_WARN_QUOTED_INCLUDE_IN_FRAMEWORK_HEADER = YES;
				CLANG_WARN_RANGE_LOOP_ANALYSIS = YES;
				CLANG_WARN_STRICT_PROTOTYPES = YES;
				CLANG_WARN_SUSPICIOUS_MOVE = YES;
				CLANG_WARN_UNGUARDED_AVAILABILITY = YES_AGGRESSIVE;
				CLANG_WARN_UNREACHABLE_CODE = YES;
				CLANG_WARN__DUPLICATE_METHOD_MATCH = YES;
				COPY_PHASE_STRIP = NO;
				DEBUG_INFORMATION_FORMAT = dwarf;
				ENABLE_STRICT_OBJC_MSGSEND = YES;
				ENABLE_TESTABILITY = YES;
				GCC_C_LANGUAGE_STANDARD = gnu11;
				GCC_DYNAMIC_NO_PIC = NO;
				GCC_NO_COMMON_BLOCKS = YES;
				GCC_OPTIMIZATION_LEVEL = 0;
				GCC_PREPROCESSOR_DEFINITIONS = (
					"$(inherited)",
					"DEBUG=1",
				);
				GCC_WARN_64_TO_32_BIT_CONVERSION = YES;
				GCC_WARN_ABOUT_RETURN_TYPE = YES_ERROR;
				GCC_WARN_UNDECLARED_SELECTOR = YES;
				GCC_WARN_UNINITIALIZED_AUTOS = YES_AGGRESSIVE;
				GCC_WARN_UNUSED_FUNCTION = YES;
				GCC_WARN_UNUSED_VARIABLE = YES;
				MTL_ENABLE_DEBUG_INFO = INCLUDE_SOURCE;
				MTL_FAST_MATH = YES;
				ONLY_ACTIVE_ARCH = YES;
				PRODUCT_NAME = "$(TARGET_NAME)";
				SDKROOT = iphoneos;
				SWIFT_ACTIVE_COMPILATION_CONDITIONS = DEBUG;
				SWIFT_OPTIMIZATION_LEVEL = "-Onone";
				SWIFT_VERSION = 5.0;
			};
			name = Debug;
		};
		325AF2184C8F12879150FE49 /* Debug */ = {
			isa = XCBuildConfiguration;
			buildSettings = {
				ASSETCATALOG_COMPILER_APPICON_NAME = AppIcon;
				CODE_SIGN_IDENTITY = "iPhone Developer";
				CODE_SIGN_STYLE = Automatic;
				CURRENT_PROJECT_VERSION = 1;
				DEVELOPMENT_TEAM = 4NJZYHZHLU;
				GENERATE_INFOPLIST_FILE = YES;
				INFOPLIST_KEY_NSCameraUsageDescription = "焼け具合を判定するためにカメラを使用します";
				INFOPLIST_KEY_UILaunchScreen_Generation = YES;
				INFOPLIST_KEY_UISupportedInterfaceOrientations = UIInterfaceOrientationPortrait;
				IPHONEOS_DEPLOYMENT_TARGET = 17.0;
				LD_RUNPATH_SEARCH_PATHS = (
					"$(inherited)",
					"@executable_path/Frameworks",
				);
				MARKETING_VERSION = 1.0;
				PRODUCT_BUNDLE_IDENTIFIER = com.cain218.meatcam;
				SDKROOT = iphoneos;
				SWIFT_VERSION = 5.0;
				TARGETED_DEVICE_FAMILY = 1;
			};
			name = Debug;
		};
		655E301D1518CEEEF63C8B48 /* Release */ = {
			isa = XCBuildConfiguration;
			buildSettings = {
				ALWAYS_SEARCH_USER_PATHS = NO;
				CLANG_ANALYZER_NONNULL = YES;
				CLANG_ANALYZER_NUMBER_OBJECT_CONVERSION = YES_AGGRESSIVE;
				CLANG_CXX_LANGUAGE_STANDARD = "gnu++14";
				CLANG_CXX_LIBRARY = "libc++";
				CLANG_ENABLE_MODULES = YES;
				CLANG_ENABLE_OBJC_ARC = YES;
				CLANG_ENABLE_OBJC_WEAK = YES;
				CLANG_WARN_BLOCK_CAPTURE_AUTORELEASING = YES;
				CLANG_WARN_BOOL_CONVERSION = YES;
				CLANG_WARN_COMMA = YES;
				CLANG_WARN_CONSTANT_CONVERSION = YES;
				CLANG_WARN_DEPRECATED_OBJC_IMPLEMENTATIONS = YES;
				CLANG_WARN_DIRECT_OBJC_ISA_USAGE = YES_ERROR;
				CLANG_WARN_DOCUMENTATION_COMMENTS = YES;
				CLANG_WARN_EMPTY_BODY = YES;
				CLANG_WARN_ENUM_CONVERSION = YES;
				CLANG_WARN_INFINITE_RECURSION = YES;
				CLANG_WARN_INT_CONVERSION = YES;
				CLANG_WARN_NON_LITERAL_NULL_CONVERSION = YES;
				CLANG_WARN_OBJC_IMPLICIT_RETAIN_SELF = YES;
				CLANG_WARN_OBJC_LITERAL_CONVERSION = YES;
				CLANG_WARN_OBJC_ROOT_CLASS = YES_ERROR;
				CLANG_WARN_QUOTED_INCLUDE_IN_FRAMEWORK_HEADER = YES;
				CLANG_WARN_RANGE_LOOP_ANALYSIS = YES;
				CLANG_WARN_STRICT_PROTOTYPES = YES;
				CLANG_WARN_SUSPICIOUS_MOVE = YES;
				CLANG_WARN_UNGUARDED_AVAILABILITY = YES_AGGRESSIVE;
				CLANG_WARN_UNREACHABLE_CODE = YES;
				CLANG_WARN__DUPLICATE_METHOD_MATCH = YES;
				COPY_PHASE_STRIP = NO;
				DEBUG_INFORMATION_FORMAT = "dwarf-with-dsym";
				ENABLE_NS_ASSERTIONS = NO;
				ENABLE_STRICT_OBJC_MSGSEND = YES;
				GCC_C_LANGUAGE_STANDARD = gnu11;
				GCC_NO_COMMON_BLOCKS = YES;
				GCC_WARN_64_TO_32_BIT_CONVERSION = YES;
				GCC_WARN_ABOUT_RETURN_TYPE = YES_ERROR;
				GCC_WARN_UNDECLARED_SELECTOR = YES;
				GCC_WARN_UNINITIALIZED_AUTOS = YES_AGGRESSIVE;
				GCC_WARN_UNUSED_FUNCTION = YES;
				GCC_WARN_UNUSED_VARIABLE = YES;
				MTL_ENABLE_DEBUG_INFO = NO;
				MTL_FAST_MATH = YES;
				PRODUCT_NAME = "$(TARGET_NAME)";
				SDKROOT = iphoneos;
				SWIFT_COMPILATION_MODE = wholemodule;
				SWIFT_OPTIMIZATION_LEVEL = "-O";
				SWIFT_VERSION = 5.0;
			};
			name = Release;
		};
		DCE27B48316CDCDA6A2162CC /* Release */ = {
			isa = XCBuildConfiguration;
			buildSettings = {
				ASSETCATALOG_COMPILER_APPICON_NAME = AppIcon;
				CODE_SIGN_IDENTITY = "iPhone Developer";
				CODE_SIGN_STYLE = Automatic;
				CURRENT_PROJECT_VERSION = 1;
				DEVELOPMENT_TEAM = 4NJZYHZHLU;
				GENERATE_INFOPLIST_FILE = YES;
				INFOPLIST_KEY_NSCameraUsageDescription = "焼け具合を判定するためにカメラを使用します";
				INFOPLIST_KEY_UILaunchScreen_Generation = YES;
				INFOPLIST_KEY_UISupportedInterfaceOrientations = UIInterfaceOrientationPortrait;
				IPHONEOS_DEPLOYMENT_TARGET = 17.0;
				LD_RUNPATH_SEARCH_PATHS = (
					"$(inherited)",
					"@executable_path/Frameworks",
				);
				MARKETING_VERSION = 1.0;
				PRODUCT_BUNDLE_IDENTIFIER = com.cain218.meatcam;
				SDKROOT = iphoneos;
				SWIFT_VERSION = 5.0;
				TARGETED_DEVICE_FAMILY = 1;
			};
			name = Release;
		};
/* End XCBuildConfiguration section */

/* Begin XCConfigurationList section */
		30AD4F956D4718DD64FAFB7E /* Build configuration list for PBXNativeTarget "MeatCam" */ = {
			isa = XCConfigurationList;
			buildConfigurations = (
				325AF2184C8F12879150FE49 /* Debug */,
				DCE27B48316CDCDA6A2162CC /* Release */,
			);
			defaultConfigurationIsVisible = 0;
			defaultConfigurationName = Debug;
		};
		967C6076D5D7F6092B4613C7 /* Build configuration list for PBXProject "MeatCam" */ = {
			isa = XCConfigurationList;
			buildConfigurations = (
				2633F7B2A6056A46BB0AA68F /* Debug */,
				655E301D1518CEEEF63C8B48 /* Release */,
			);
			defaultConfigurationIsVisible = 0;
			defaultConfigurationName = Debug;
		};
/* End XCConfigurationList section */
	};
	rootObject = 858A60272C71B938B168D35D /* Project object */;
}
